
Microsoft Visual Studio Solution File, Format Version 12.00
# Visual Studio 15
VisualStudioVersion = 15.0.28307.705
MinimumVisualStudioVersion = 10.0.40219.1
Project("{2150E333-8FDC-42A3-9474-1A3956D46DE8}") = "Microservices", "Microservices", "{6EE1119D-D8D2-4DB0-88C1-C32BEC225BDE}"
EndProject
Project("{2150E333-8FDC-42A3-9474-1A3956D46DE8}") = "Domain", "Domain", "{1E63BC5E-5157-4EFD-AD07-C5C002F77472}"
EndProject
Project("{2150E333-8FDC-42A3-9474-1A3956D46DE8}") = "Infra.Bus", "Infra.Bus", "{022CBB42-08FB-4410-BC71-18D965B95886}"
EndProject
Project("{2150E333-8FDC-42A3-9474-1A3956D46DE8}") = "Infra.IoC", "Infra.IoC", "{7E42B376-FA65-463F-9873-CD9704702A91}"
EndProject
Project("{2150E333-8FDC-42A3-9474-1A3956D46DE8}") = "Presentation", "Presentation", "{181CE489-5A45-4E29-8DAB-7303026E64AF}"
EndProject
Project("{FAE04EC0-301F-11D3-BF4B-00C04F79EFBC}") = "MicroRabbit.Domain.Core", "MicroRabbit.Domain.Core\MicroRabbit.Domain.Core.csproj", "{00F2737A-46B4-42FF-BB24-ABDBD3FF3A80}"
EndProject
Project("{FAE04EC0-301F-11D3-BF4B-00C04F79EFBC}") = "MicroRabbit.Infra.Bus", "MicroRabbit.Infra.Bus\MicroRabbit.Infra.Bus.csproj", "{9DEC4BA9-780C-4679-B370-692E3A05A0CE}"
EndProject
Project("{FAE04EC0-301F-11D3-BF4B-00C04F79EFBC}") = "MicroRabbit.Infra.IoC", "MicroRabbit.Infra.IoC\MicroRabbit.Infra.IoC.csproj", "{ABC86061-E3AF-4D94-BC15-51BB3DF04298}"
EndProject
Project("{2150E333-8FDC-42A3-9474-1A3956D46DE8}") = "Banking", "Banking", "{852E52D0-8CD3-48E7-9BB0-99D567CFC1DB}"
EndProject
Project("{2150E333-8FDC-42A3-9474-1A3956D46DE8}") = "Api", "Api", "{460578C6-1C69-47DA-AF2C-21981A4D46C0}"
EndProject
Project("{2150E333-8FDC-42A3-9474-1A3956D46DE8}") = "Domain", "Domain", "{34035176-66F0-4D20-88D1-42984A185DFD}"
EndProject
Project("{2150E333-8FDC-42A3-9474-1A3956D46DE8}") = "Application", "Application", "{23C8D66A-1AA9-48DD-8FEA-509809479D35}"
EndProject
Project("{2150E333-8FDC-42A3-9474-1A3956D46DE8}") = "Data", "Data", "{F552D38A-713B-43B8-8347-39A936987152}"
EndProject
Project("{FAE04EC0-301F-11D3-BF4B-00C04F79EFBC}") = "MicroRabbit.Banking.Application", "MicroRabbit.Banking.Application\MicroRabbit.Banking.Application.csproj", "{786BE3F0-2D82-425E-9B7A-4D22D3FA9A97}"
EndProject
Project("{FAE04EC0-301F-11D3-BF4B-00C04F79EFBC}") = "MicroRabbit.Banking.Data", "MicroRabbit.Banking.Data\MicroRabbit.Banking.Data.csproj", "{0E8545C6-6981-42AB-B448-9DAD0B7B0797}"
EndProject
Project("{FAE04EC0-301F-11D3-BF4B-00C04F79EFBC}") = "MicroRabbit.Banking.Domain", "MicroRabbit.Banking.Domain\MicroRabbit.Banking.Domain.csproj", "{5A9949C6-8F1C-42AF-AE16-E70060BFD3E5}"
EndProject
Project("{FAE04EC0-301F-11D3-BF4B-00C04F79EFBC}") = "MicroRabbit.Banking.Api", "MicroRabbit.Banking.Api\MicroRabbit.Banking.Api.csproj", "{7F871260-4B50-42EB-B591-861CF7D9FF70}"
EndProject
Global
	GlobalSection(SolutionConfigurationPlatforms) = preSolution
		Debug|Any CPU = Debug|Any CPU
		Release|Any CPU = Release|Any CPU
	EndGlobalSection
	GlobalSection(ProjectConfigurationPlatforms) = postSolution
		{00F2737A-46B4-42FF-BB24-ABDBD3FF3A80}.Debug|Any CPU.ActiveCfg = Debug|Any CPU
		{00F2737A-46B4-42FF-BB24-ABDBD3FF3A80}.Debug|Any CPU.Build.0 = Debug|Any CPU
		{00F2737A-46B4-42FF-BB24-ABDBD3FF3A80}.Release|Any CPU.ActiveCfg = Release|Any CPU
		{00F2737A-46B4-42FF-BB24-ABDBD3FF3A80}.Release|Any CPU.Build.0 = Release|Any CPU
		{9DEC4BA9-780C-4679-B370-692E3A05A0CE}.Debug|Any CPU.ActiveCfg = Debug|Any CPU
		{9DEC4BA9-780C-4679-B370-692E3A05A0CE}.Debug|Any CPU.Build.0 = Debug|Any CPU
		{9DEC4BA9-780C-4679-B370-692E3A05A0CE}.Release|Any CPU.ActiveCfg = Release|Any CPU
		{9DEC4BA9-780C-4679-B370-692E3A05A0CE}.Release|Any CPU.Build.0 = Release|Any CPU
		{ABC86061-E3AF-4D94-BC15-51BB3DF04298}.Debug|Any CPU.ActiveCfg = Debug|Any CPU
		{ABC86061-E3AF-4D94-BC15-51BB3DF04298}.Debug|Any CPU.Build.0 = Debug|Any CPU
		{ABC86061-E3AF-4D94-BC15-51BB3DF04298}.Release|Any CPU.ActiveCfg = Release|Any CPU
		{ABC86061-E3AF-4D94-BC15-51BB3DF04298}.Release|Any CPU.Build.0 = Release|Any CPU
		{786BE3F0-2D82-425E-9B7A-4D22D3FA9A97}.Debug|Any CPU.ActiveCfg = Debug|Any CPU
		{786BE3F0-2D82-425E-9B7A-4D22D3FA9A97}.Debug|Any CPU.Build.0 = Debug|Any CPU
		{786BE3F0-2D82-425E-9B7A-4D22D3FA9A97}.Release|Any CPU.ActiveCfg = Release|Any CPU
		{786BE3F0-2D82-425E-9B7A-4D22D3FA9A97}.Release|Any CPU.Build.0 = Release|Any CPU
		{0E8545C6-6981-42AB-B448-9DAD0B7B0797}.Debug|Any CPU.ActiveCfg = Debug|Any CPU
		{0E8545C6-6981-42AB-B448-9DAD0B7B0797}.Debug|Any CPU.Build.0 = Debug|Any CPU
		{0E8545C6-6981-42AB-B448-9DAD0B7B0797}.Release|Any CPU.ActiveCfg = Release|Any CPU
		{0E8545C6-6981-42AB-B448-9DAD0B7B0797}.Release|Any CPU.Build.0 = Release|Any CPU
		{5A9949C6-8F1C-42AF-AE16-E70060BFD3E5}.Debug|Any CPU.ActiveCfg = Debug|Any CPU
		{5A9949C6-8F1C-42AF-AE16-E70060BFD3E5}.Debug|Any CPU.Build.0 = Debug|Any CPU
		{5A9949C6-8F1C-42AF-AE16-E70060BFD3E5}.Release|Any CPU.ActiveCfg = Release|Any CPU
		{5A9949C6-8F1C-42AF-AE16-E70060BFD3E5}.Release|Any CPU.Build.0 = Release|Any CPU
		{7F871260-4B50-42EB-B591-861CF7D9FF70}.Debug|Any CPU.ActiveCfg = Debug|Any CPU
		{7F871260-4B50-42EB-B591-861CF7D9FF70}.Debug|Any CPU.Build.0 = Debug|Any CPU
		{7F871260-4B50-42EB-B591-861CF7D9FF70}.Release|Any CPU.ActiveCfg = Release|Any CPU
		{7F871260-4B50-42EB-B591-861CF7D9FF70}.Release|Any CPU.Build.0 = Release|Any CPU
	EndGlobalSection
	GlobalSection(SolutionProperties) = preSolution
		HideSolutionNode = FALSE
	EndGlobalSection
	GlobalSection(NestedProjects) = preSolution
		{00F2737A-46B4-42FF-BB24-ABDBD3FF3A80} = {1E63BC5E-5157-4EFD-AD07-C5C002F77472}
		{9DEC4BA9-780C-4679-B370-692E3A05A0CE} = {022CBB42-08FB-4410-BC71-18D965B95886}
		{ABC86061-E3AF-4D94-BC15-51BB3DF04298} = {7E42B376-FA65-463F-9873-CD9704702A91}
		{852E52D0-8CD3-48E7-9BB0-99D567CFC1DB} = {6EE1119D-D8D2-4DB0-88C1-C32BEC225BDE}
		{460578C6-1C69-47DA-AF2C-21981A4D46C0} = {852E52D0-8CD3-48E7-9BB0-99D567CFC1DB}
		{34035176-66F0-4D20-88D1-42984A185DFD} = {852E52D0-8CD3-48E7-9BB0-99D567CFC1DB}
		{23C8D66A-1AA9-48DD-8FEA-509809479D35} = {852E52D0-8CD3-48E7-9BB0-99D567CFC1DB}
		{F552D38A-713B-43B8-8347-39A936987152} = {852E52D0-8CD3-48E7-9BB0-99D567CFC1DB}
		{786BE3F0-2D82-425E-9B7A-4D22D3FA9A97} = {23C8D66A-1AA9-48DD-8FEA-509809479D35}
		{0E8545C6-6981-42AB-B448-9DAD0B7B0797} = {F552D38A-713B-43B8-8347-39A936987152}
		{5A9949C6-8F1C-42AF-AE16-E70060BFD3E5} = {34035176-66F0-4D20-88D1-42984A185DFD}
		{7F871260-4B50-42EB-B591-861CF7D9FF70} = {460578C6-1C69-47DA-AF2C-21981A4D46C0}
	EndGlobalSection
	GlobalSection(ExtensibilityGlobals) = postSolution
		SolutionGuid = {181AD7FF-6579-4A13-8BC8-64742C4F7313}
	EndGlobalSection
EndGlobal
