
Microsoft Visual Studio Solution File, Format Version 12.00
# Visual Studio 15
VisualStudioVersion = 15.0.28307.705
MinimumVisualStudioVersion = 10.0.40219.1
Project("{2150E333-8FDC-42A3-9474-1A3956D46DE8}") = "Microservices", "Microservices", "{6EE1119D-D8D2-4DB0-88C1-C32BEC225BDE}"
EndProject
Project("{2150E333-8FDC-42A3-9474-1A3956D46DE8}") = "Domain", "Domain", "{1E63BC5E-5157-4EFD-AD07-C5C002F77472}"
EndProject
Project("{2150E333-8FDC-42A3-9474-1A3956D46DE8}") = "Infra.Bus", "Infra.Bus", "{022CBB42-08FB-4410-BC71-18D965B95886}"
EndProject
Project("{2150E333-8FDC-42A3-9474-1A3956D46DE8}") = "Infra.IoC", "Infra.IoC", "{7E42B376-FA65-463F-9873-CD9704702A91}"
EndProject
Project("{2150E333-8FDC-42A3-9474-1A3956D46DE8}") = "Presentation", "Presentation", "{181CE489-5A45-4E29-8DAB-7303026E64AF}"
EndProject
Project("{FAE04EC0-301F-11D3-BF4B-00C04F79EFBC}") = "MicroRabbit.Domain.Core", "MicroRabbit.Domain.Core\MicroRabbit.Domain.Core.csproj", "{00F2737A-46B4-42FF-BB24-ABDBD3FF3A80}"
EndProject
Project("{FAE04EC0-301F-11D3-BF4B-00C04F79EFBC}") = "MicroRabbit.Infra.Bus", "MicroRabbit.Infra.Bus\MicroRabbit.Infra.Bus.csproj", "{9DEC4BA9-780C-4679-B370-692E3A05A0CE}"
EndProject
Global
	GlobalSection(SolutionConfigurationPlatforms) = preSolution
		Debug|Any CPU = Debug|Any CPU
		Release|Any CPU = Release|Any CPU
	EndGlobalSection
	GlobalSection(ProjectConfigurationPlatforms) = postSolution
		{00F2737A-46B4-42FF-BB24-ABDBD3FF3A80}.Debug|Any CPU.ActiveCfg = Debug|Any CPU
		{00F2737A-46B4-42FF-BB24-ABDBD3FF3A80}.Debug|Any CPU.Build.0 = Debug|Any CPU
		{00F2737A-46B4-42FF-BB24-ABDBD3FF3A80}.Release|Any CPU.ActiveCfg = Release|Any CPU
		{00F2737A-46B4-42FF-BB24-ABDBD3FF3A80}.Release|Any CPU.Build.0 = Release|Any CPU
		{9DEC4BA9-780C-4679-B370-692E3A05A0CE}.Debug|Any CPU.ActiveCfg = Debug|Any CPU
		{9DEC4BA9-780C-4679-B370-692E3A05A0CE}.Debug|Any CPU.Build.0 = Debug|Any CPU
		{9DEC4BA9-780C-4679-B370-692E3A05A0CE}.Release|Any CPU.ActiveCfg = Release|Any CPU
		{9DEC4BA9-780C-4679-B370-692E3A05A0CE}.Release|Any CPU.Build.0 = Release|Any CPU
	EndGlobalSection
	GlobalSection(SolutionProperties) = preSolution
		HideSolutionNode = FALSE
	EndGlobalSection
	GlobalSection(NestedProjects) = preSolution
		{00F2737A-46B4-42FF-BB24-ABDBD3FF3A80} = {1E63BC5E-5157-4EFD-AD07-C5C002F77472}
		{9DEC4BA9-780C-4679-B370-692E3A05A0CE} = {022CBB42-08FB-4410-BC71-18D965B95886}
	EndGlobalSection
	GlobalSection(ExtensibilityGlobals) = postSolution
		SolutionGuid = {181AD7FF-6579-4A13-8BC8-64742C4F7313}
	EndGlobalSection
EndGlobal
